DEPENDENCIES
  chef-server-12
    git: git@github.com:opscode-cookbooks/chef-server-12.git
    revision: 47efcb18234db759123f328b737e30cb749a85b3
    branch: master
  chef-server-ingredient
    git: git@github.com:opscode-cookbooks/chef-server-ingredient.git
    revision: 5a066b51e8a82bd4451eb77a4038d54e959b0261
    branch: master
  chef-splunk
    git: git@github.com:chef-cookbooks/chef-splunk.git
    revision: 2508ccdb130b9fa50e5e7d5fdbf5655b645eac82
  delivery-cluster
    path: .
    metadata: true
  delivery-server
    git: git@github.com:chef/delivery.git
    revision: 9b1988b4260f3b2fcd5de72d10cf6491aafd42c1
    branch: master
    rel: cookbooks/delivery-server
  delivery_build
    git: git@github.com:chef/delivery.git
    revision: 9b1988b4260f3b2fcd5de72d10cf6491aafd42c1
    branch: master
    rel: cookbooks/delivery_build

GRAPH
  build-essential (2.1.3)
  chef-server-12 (0.1.3)
    chef-server-ingredient (>= 0.0.0)
  chef-server-ingredient (0.3.0)
    packagecloud (>= 0.0.0)
  chef-splunk (1.3.1)
    chef-vault (>= 1.0.4)
  chef-vault (1.2.5)
  chef_handler (1.1.6)
  delivery-cluster (0.1.0)
    chef-server-12 (>= 0.0.0)
    chef-server-ingredient (>= 0.0.0)
    chef-splunk (>= 0.0.0)
    delivery-server (>= 0.0.0)
    delivery_build (>= 0.0.0)
    push-jobs (>= 0.0.0)
  delivery-server (0.2.14)
  delivery_build (0.1.2)
    git (>= 0.0.0)
    packagecloud (>= 0.0.0)
  dmg (2.2.2)
  git (4.1.0)
    build-essential (>= 0.0.0)
    dmg (>= 0.0.0)
    runit (>= 1.0)
    windows (>= 0.0.0)
    yum (~> 3.0)
    yum-epel (>= 0.0.0)
  packagecloud (0.0.17)
  push-jobs (2.2.0)
    runit (>= 0.0.0)
    windows (>= 0.0.0)
  runit (1.5.18)
    build-essential (>= 0.0.0)
    yum (~> 3.0)
    yum-epel (>= 0.0.0)
  windows (1.36.6)
    chef_handler (>= 0.0.0)
  yum (3.5.3)
  yum-epel (0.6.0)
    yum (~> 3.0)
